
Microsoft Visual Studio Solution File, Format Version 12.00
# Visual Studio Version 16
VisualStudioVersion = 16.0.30717.126
MinimumVisualStudioVersion = 10.0.40219.1
Project("{FAE04EC0-301F-11D3-BF4B-00C04F79EFBC}") = "SalesWebMVC", "SalesWebMVC\SalesWebMVC.csproj", "{CFACB364-FDEF-4DF9-8630-C99E017389EA}"
EndProject
Global
	GlobalSection(SolutionConfigurationPlatforms) = preSolution
		Debug|Any CPU = Debug|Any CPU
		Release|Any CPU = Release|Any CPU
	EndGlobalSection
	GlobalSection(ProjectConfigurationPlatforms) = postSolution
		{CFACB364-FDEF-4DF9-8630-C99E017389EA}.Debug|Any CPU.ActiveCfg = Debug|Any CPU
		{CFACB364-FDEF-4DF9-8630-C99E017389EA}.Debug|Any CPU.Build.0 = Debug|Any CPU
		{CFACB364-FDEF-4DF9-8630-C99E017389EA}.Release|Any CPU.ActiveCfg = Release|Any CPU
		{CFACB364-FDEF-4DF9-8630-C99E017389EA}.Release|Any CPU.Build.0 = Release|Any CPU
	EndGlobalSection
	GlobalSection(SolutionProperties) = preSolution
		HideSolutionNode = FALSE
	EndGlobalSection
	GlobalSection(ExtensibilityGlobals) = postSolution
		SolutionGuid = {6BF5C29A-B9D0-46D2-AF9D-7FE836AC4829}
	EndGlobalSection
EndGlobal
